# THIS IS AN AUTOGENERATED FILE. DO NOT EDIT THIS FILE DIRECTLY.
# yarn lockfile v1


"@afomera/richer-text@^2.0.0":
  version "2.0.0"
  resolved "https://registry.npmjs.org/@afomera/richer-text/-/richer-text-2.0.0.tgz"
  integrity sha512-96sLT8Z0Cg3Xz65HFpj30clveNk8VJosY7ri5ZKfxCiO2j7+FHPPGNIXqaSVaLd184x6UflB2AuTphYJPOCIaw==
  dependencies:
    "@emoji-mart/data" "1.1.2"
    "@rails/activestorage" "^7.0.4"
    "@tiptap/core" "2.4.0"
    "@tiptap/extension-bubble-menu" "2.4.0"
    "@tiptap/extension-code-block" "2.4.0"
    "@tiptap/extension-code-block-lowlight" "2.4.0"
    "@tiptap/extension-color" "2.4.0"
    "@tiptap/extension-dropcursor" "2.4.0"
    "@tiptap/extension-focus" "2.4.0"
    "@tiptap/extension-highlight" "2.4.0"
    "@tiptap/extension-horizontal-rule" "2.4.0"
    "@tiptap/extension-link" "2.4.0"
    "@tiptap/extension-mention" "2.4.0"
    "@tiptap/extension-placeholder" "2.4.0"
    "@tiptap/extension-table" "2.4.0"
    "@tiptap/extension-table-cell" "2.4.0"
    "@tiptap/extension-table-header" "2.4.0"
    "@tiptap/extension-table-row" "2.4.0"
    "@tiptap/extension-text-align" "2.4.0"
    "@tiptap/extension-text-style" "2.4.0"
    "@tiptap/pm" "2.4.0"
    "@tiptap/starter-kit" "2.4.0"
    "@tiptap/suggestion" "2.4.0"
    emoji-mart "5.5.2"
    lit "^3.1.2"
    lowlight "^2.8.0"
    role-components "^2.0.2"
    tippy.js "^6.3.7"

"@emoji-mart/data@1.1.2":
  version "1.1.2"
  resolved "https://registry.npmjs.org/@emoji-mart/data/-/data-1.1.2.tgz"
  integrity sha512-1HP8BxD2azjqWJvxIaWAMyTySeZY0Osr83ukYjltPVkNXeJvTz7yDrPLBtnrD5uqJ3tg4CcLuuBW09wahqL/fg==

"@floating-ui/core@^1.6.0":
  version "1.6.8"
  resolved "https://registry.npmjs.org/@floating-ui/core/-/core-1.6.8.tgz"
  integrity sha512-7XJ9cPU+yI2QeLS+FCSlqNFZJq8arvswefkZrYI1yQBbftw6FyrZOxYSh+9S7z7TpeWlRt9zJ5IhM1WIL334jA==
  dependencies:
    "@floating-ui/utils" "^0.2.8"

"@floating-ui/dom@^1.5.1":
  version "1.6.11"
  resolved "https://registry.npmjs.org/@floating-ui/dom/-/dom-1.6.11.tgz"
  integrity sha512-qkMCxSR24v2vGkhYDo/UzxfJN3D4syqSjyuTFz6C7XcpU1pASPRieNI0Kj5VP3/503mOfYiGY891ugBX1GlABQ==
  dependencies:
    "@floating-ui/core" "^1.6.0"
    "@floating-ui/utils" "^0.2.8"

"@floating-ui/utils@^0.2.8":
  version "0.2.8"
  resolved "https://registry.npmjs.org/@floating-ui/utils/-/utils-0.2.8.tgz"
  integrity sha512-kym7SodPp8/wloecOpcmSnWJsK7M0E5Wg8UcFA+uO4B9s5d0ywXOEro/8HM9x0rW+TljRzul/14UYz3TleT3ig==

"@lit-labs/ssr-dom-shim@^1.0.0", "@lit-labs/ssr-dom-shim@^1.1.0", "@lit-labs/ssr-dom-shim@^1.2.0":
  version "1.2.1"
  resolved "https://registry.npmjs.org/@lit-labs/ssr-dom-shim/-/ssr-dom-shim-1.2.1.tgz"
  integrity sha512-wx4aBmgeGvFmOKucFKY+8VFJSYZxs9poN3SDNQFF6lT6NrQUnHiPB2PWz2sc4ieEcAaYYzN+1uWahEeTq2aRIQ==

"@lit/reactive-element@^1.3.0", "@lit/reactive-element@^1.6.0":
  version "1.6.3"
  resolved "https://registry.npmjs.org/@lit/reactive-element/-/reactive-element-1.6.3.tgz"
  integrity sha512-QuTgnG52Poic7uM1AN5yJ09QMe0O28e10XzSvWDz02TJiiKee4stsiownEIadWm8nYzyDAyT+gKzUoZmiWQtsQ==
  dependencies:
    "@lit-labs/ssr-dom-shim" "^1.0.0"

"@lit/reactive-element@^1.6.1":
  version "1.6.3"
  resolved "https://registry.npmjs.org/@lit/reactive-element/-/reactive-element-1.6.3.tgz"
  integrity sha512-QuTgnG52Poic7uM1AN5yJ09QMe0O28e10XzSvWDz02TJiiKee4stsiownEIadWm8nYzyDAyT+gKzUoZmiWQtsQ==
  dependencies:
    "@lit-labs/ssr-dom-shim" "^1.0.0"

"@lit/reactive-element@^2.0.4":
  version "2.0.4"
  resolved "https://registry.npmjs.org/@lit/reactive-element/-/reactive-element-2.0.4.tgz"
  integrity sha512-GFn91inaUa2oHLak8awSIigYz0cU0Payr1rcFsrkf5OJ5eSPxElyZfKh0f2p9FsTiZWXQdWGJeXZICEfXXYSXQ==
  dependencies:
    "@lit-labs/ssr-dom-shim" "^1.2.0"

"@open-wc/dedupe-mixin@^1.3.1":
  version "1.4.0"
  resolved "https://registry.npmjs.org/@open-wc/dedupe-mixin/-/dedupe-mixin-1.4.0.tgz"
  integrity sha512-Sj7gKl1TLcDbF7B6KUhtvr+1UCxdhMbNY5KxdU5IfMFWqL8oy1ZeAcCANjoB1TL0AJTcPmcCFsCbHf8X2jGDUA==

"@popperjs/core@^2.9.0":
  version "2.11.8"
  resolved "https://registry.npmjs.org/@popperjs/core/-/core-2.11.8.tgz"
  integrity sha512-P1st0aksCrn9sGZhp8GMYwBnQsbvAWsZAX44oXNNvLHGqAOcoVxmjZiohstwQ7SqKnbR47akdNi+uleWD8+g6A==

"@rails/activestorage@^7.0.4":
  version "7.2.102"
  resolved "https://registry.npmjs.org/@rails/activestorage/-/activestorage-7.2.102.tgz"
  integrity sha512-indJKK6bhETIfyYqUtbE3neUQCZ7Qm3lcPXSHqlVBYsJ3DnUKKejqvaIHHA5MrmqTKNbnnrX4zyeA1mrJgLk9Q==
  dependencies:
    spark-md5 "^3.0.1"

"@remirror/core-constants@^2.0.2":
  version "2.0.2"
  resolved "https://registry.npmjs.org/@remirror/core-constants/-/core-constants-2.0.2.tgz"
  integrity sha512-dyHY+sMF0ihPus3O27ODd4+agdHMEmuRdyiZJ2CCWjPV5UFmn17ZbElvk6WOGVE4rdCJKZQCrPV2BcikOMLUGQ==

"@remirror/core-constants@3.0.0":
  version "3.0.0"
  resolved "https://registry.npmjs.org/@remirror/core-constants/-/core-constants-3.0.0.tgz"
  integrity sha512-42aWfPrimMfDKDi4YegyS7x+/0tlzaqwPQCULLanv3DMIlu96KTJR0fM5isWX2UViOqlGnX6YFgqWepcX+XMNg==

"@tiptap/core@^2.0.0", "@tiptap/core@^2.7.0", "@tiptap/core@^2.9.1":
  version "2.9.1"
  resolved "https://registry.npmjs.org/@tiptap/core/-/core-2.9.1.tgz"
  integrity sha512-tifnLL/ARzQ6/FGEJjVwj9UT3v+pENdWHdk9x6F3X0mB1y0SeCjV21wpFLYESzwNdBPAj8NMp8Behv7dBnhIfw==

"@tiptap/core@^2.4.0", "@tiptap/core@2.4.0":
  version "2.4.0"
  resolved "https://registry.npmjs.org/@tiptap/core/-/core-2.4.0.tgz"
  integrity sha512-YJSahk8pkxpCs8SflCZfTnJpE7IPyUWIylfgXM2DefjRQa5DZ+c6sNY0s/zbxKYFQ6AuHVX40r9pCfcqHChGxQ==

"@tiptap/extension-blockquote@^2.4.0", "@tiptap/extension-blockquote@^2.9.1":
  version "2.9.1"
  resolved "https://registry.npmjs.org/@tiptap/extension-blockquote/-/extension-blockquote-2.9.1.tgz"
  integrity sha512-Y0jZxc/pdkvcsftmEZFyG+73um8xrx6/DMfgUcNg3JAM63CISedNcr+OEI11L0oFk1KFT7/aQ9996GM6Kubdqg==

"@tiptap/extension-bold@^2.4.0", "@tiptap/extension-bold@^2.9.1":
  version "2.9.1"
  resolved "https://registry.npmjs.org/@tiptap/extension-bold/-/extension-bold-2.9.1.tgz"
  integrity sha512-e2P1zGpnnt4+TyxTC5pX/lPxPasZcuHCYXY0iwQ3bf8qRQQEjDfj3X7EI+cXqILtnhOiviEOcYmeu5op2WhQDg==

"@tiptap/extension-bubble-menu@2.4.0":
  version "2.4.0"
  resolved "https://registry.npmjs.org/@tiptap/extension-bubble-menu/-/extension-bubble-menu-2.4.0.tgz"
  integrity sha512-s99HmttUtpW3rScWq8rqk4+CGCwergNZbHLTkF6Rp6TSboMwfp+rwL5Q/JkcAG9KGLso1vGyXKbt1xHOvm8zMw==
  dependencies:
    tippy.js "^6.3.7"

"@tiptap/extension-bullet-list@^2.4.0", "@tiptap/extension-bullet-list@^2.9.1":
  version "2.9.1"
  resolved "https://registry.npmjs.org/@tiptap/extension-bullet-list/-/extension-bullet-list-2.9.1.tgz"
  integrity sha512-0hizL/0j9PragJObjAWUVSuGhN1jKjCFnhLQVRxtx4HutcvS/lhoWMvFg6ZF8xqWgIa06n6A7MaknQkqhTdhKA==

"@tiptap/extension-code-block-lowlight@2.4.0":
  version "2.4.0"
  resolved "https://registry.npmjs.org/@tiptap/extension-code-block-lowlight/-/extension-code-block-lowlight-2.4.0.tgz"
  integrity sha512-j0SdFq66A97Cn7bQOMqFYBaYsmOltZZ6o4uDZH6fdTvEFbfXTdtTYs2awsNSbW+w/DtivKZCvAX1FRLR3/g/5A==

"@tiptap/extension-code-block@^2.0.0", "@tiptap/extension-code-block@^2.9.1":
  version "2.9.1"
  resolved "https://registry.npmjs.org/@tiptap/extension-code-block/-/extension-code-block-2.9.1.tgz"
  integrity sha512-A/50wPWDqEUUUPhrwRKILP5gXMO5UlQ0F6uBRGYB9CEVOREam9yIgvONOnZVJtszHqOayjIVMXbH/JMBeq11/g==

"@tiptap/extension-code-block@^2.4.0", "@tiptap/extension-code-block@2.4.0":
  version "2.4.0"
  resolved "https://registry.npmjs.org/@tiptap/extension-code-block/-/extension-code-block-2.4.0.tgz"
  integrity sha512-QWGdv1D56TBGbbJSj2cIiXGJEKguPiAl9ONzJ/Ql1ZksiQsYwx0YHriXX6TOC//T4VIf6NSClHEtwtxWBQ/Csg==

"@tiptap/extension-code@^2.4.0", "@tiptap/extension-code@^2.9.1":
  version "2.9.1"
  resolved "https://registry.npmjs.org/@tiptap/extension-code/-/extension-code-2.9.1.tgz"
  integrity sha512-WQqcVGe7i/E+yO3wz5XQteU1ETNZ00euUEl4ylVVmH2NM4Dh0KDjEhbhHlCM0iCfLUo7jhjC7dmS+hMdPUb+Tg==

"@tiptap/extension-color@2.4.0":
  version "2.4.0"
  resolved "https://registry.npmjs.org/@tiptap/extension-color/-/extension-color-2.4.0.tgz"
  integrity sha512-aVuqGtzTIZO93niADdu+Hx8g03X0pS7wjrJcCcYkkDEbC/siC03zlxKZIYBW1Jiabe99Z7/s2KdtLoK6DW2A2g==

"@tiptap/extension-document@^2.4.0", "@tiptap/extension-document@^2.9.1":
  version "2.9.1"
  resolved "https://registry.npmjs.org/@tiptap/extension-document/-/extension-document-2.9.1.tgz"
  integrity sha512-1a+HCoDPnBttjqExfYLwfABq8MYdiowhy/wp8eCxVb6KGFEENO53KapstISvPzqH7eOi+qRjBB1KtVYb/ZXicg==

"@tiptap/extension-dropcursor@^2.4.0", "@tiptap/extension-dropcursor@2.4.0":
  version "2.4.0"
  resolved "https://registry.npmjs.org/@tiptap/extension-dropcursor/-/extension-dropcursor-2.4.0.tgz"
  integrity sha512-c46HoG2PEEpSZv5rmS5UX/lJ6/kP1iVO0Ax+6JrNfLEIiDULUoi20NqdjolEa38La2VhWvs+o20OviiTOKEE9g==

"@tiptap/extension-dropcursor@^2.9.1":
  version "2.9.1"
  resolved "https://registry.npmjs.org/@tiptap/extension-dropcursor/-/extension-dropcursor-2.9.1.tgz"
  integrity sha512-wJZspSmJRkDBtPkzFz1g7gvZOEOayk8s93UHsgbJxcV4VWHYleZ5XhT74sZunSjefNDm3qC6v2BSgLp3vNHVKQ==

"@tiptap/extension-focus@2.4.0":
  version "2.4.0"
  resolved "https://registry.npmjs.org/@tiptap/extension-focus/-/extension-focus-2.4.0.tgz"
  integrity sha512-41P51OImJzvp0zPUudsDPOGIIQkFUK9Yew8MVdtA3EIWkHOl8BZN/X3E/fX9sxzY6WPGgZD0UBRk7f9EA9X5JQ==

"@tiptap/extension-gapcursor@^2.4.0", "@tiptap/extension-gapcursor@^2.9.1":
  version "2.9.1"
  resolved "https://registry.npmjs.org/@tiptap/extension-gapcursor/-/extension-gapcursor-2.9.1.tgz"
  integrity sha512-jsRBmX01vr+5H02GljiHMo0n5H1vzoMLmFarxe0Yq2d2l9G/WV2VWX2XnGliqZAYWd1bI0phs7uLQIN3mxGQTw==

"@tiptap/extension-hard-break@^2.4.0", "@tiptap/extension-hard-break@^2.9.1":
  version "2.9.1"
  resolved "https://registry.npmjs.org/@tiptap/extension-hard-break/-/extension-hard-break-2.9.1.tgz"
  integrity sha512-fCuaOD/b7nDjm47PZ58oanq7y4ccS2wjPh42Qm0B0yipu/1fmC8eS1SmaXmk28F89BLtuL6uOCtR1spe+lZtlQ==

"@tiptap/extension-heading@^2.4.0", "@tiptap/extension-heading@^2.9.1":
  version "2.9.1"
  resolved "https://registry.npmjs.org/@tiptap/extension-heading/-/extension-heading-2.9.1.tgz"
  integrity sha512-SjZowzLixOFaCrV2cMaWi1mp8REK0zK1b3OcVx7bCZfVSmsOETJyrAIUpCKA8o60NwF7pwhBg0MN8oXlNKMeFw==

"@tiptap/extension-highlight@2.4.0":
  version "2.4.0"
  resolved "https://registry.npmjs.org/@tiptap/extension-highlight/-/extension-highlight-2.4.0.tgz"
  integrity sha512-p2I/CaMrs6hzpj/dSw6UNobOWTV38yTjPK+B4ShJQ7IN2u/C82KOTOeFfJoFd9KykmpVOVW3w3nKG3ad0HXPuQ==

"@tiptap/extension-history@^2.4.0", "@tiptap/extension-history@^2.9.1":
  version "2.9.1"
  resolved "https://registry.npmjs.org/@tiptap/extension-history/-/extension-history-2.9.1.tgz"
  integrity sha512-wp9qR1NM+LpvyLZFmdNaAkDq0d4jDJ7z7Fz7icFQPu31NVxfQYO3IXNmvJDCNu8hFAbImpA5aG8MBuwzRo0H9w==

"@tiptap/extension-horizontal-rule@^2.4.0", "@tiptap/extension-horizontal-rule@2.4.0":
  version "2.4.0"
  resolved "https://registry.npmjs.org/@tiptap/extension-horizontal-rule/-/extension-horizontal-rule-2.4.0.tgz"
  integrity sha512-yDgxy+YxagcEsBbdWvbQiXYxsv3noS1VTuGwc9G7ZK9xPmBHJ5y0agOkB7HskwsZvJHoaSqNRsh7oZTkf0VR3g==

"@tiptap/extension-horizontal-rule@^2.9.1":
  version "2.9.1"
  resolved "https://registry.npmjs.org/@tiptap/extension-horizontal-rule/-/extension-horizontal-rule-2.9.1.tgz"
  integrity sha512-ydUhABeaBI1CoJp+/BBqPhXINfesp1qMNL/jiDcMsB66fsD4nOyphpAJT7FaRFZFtQVF06+nttBtFZVkITQVqg==

"@tiptap/extension-italic@^2.4.0", "@tiptap/extension-italic@^2.9.1":
  version "2.9.1"
  resolved "https://registry.npmjs.org/@tiptap/extension-italic/-/extension-italic-2.9.1.tgz"
  integrity sha512-VkNA6Vz96+/+7uBlsgM7bDXXx4b62T1fDam/3UKifA72aD/fZckeWrbT7KrtdUbzuIniJSbA0lpTs5FY29+86Q==

"@tiptap/extension-link@2.4.0":
  version "2.4.0"
  resolved "https://registry.npmjs.org/@tiptap/extension-link/-/extension-link-2.4.0.tgz"
  integrity sha512-r3PjT0bjSKAorHAEBPA0icSMOlqALbxVlWU9vAc+Q3ndzt7ht0CTPNewzFF9kjzARABVt1cblXP/2+c0qGzcsg==
  dependencies:
    linkifyjs "^4.1.0"

"@tiptap/extension-list-item@^2.4.0", "@tiptap/extension-list-item@^2.9.1":
  version "2.9.1"
  resolved "https://registry.npmjs.org/@tiptap/extension-list-item/-/extension-list-item-2.9.1.tgz"
  integrity sha512-6O4NtYNR5N2Txi4AC0/4xMRJq9xd4+7ShxCZCDVL0WDVX37IhaqMO7LGQtA6MVlYyNaX4W1swfdJaqrJJ5HIUw==

"@tiptap/extension-mention@2.4.0":
  version "2.4.0"
  resolved "https://registry.npmjs.org/@tiptap/extension-mention/-/extension-mention-2.4.0.tgz"
  integrity sha512-7BqCNfqF1Mv9IrtdlHADwXMFo968UNmthf/TepVXC7EX2Ke6/Y4vvxmpYVNZc55FdswFwpVyZ2VeXBj3AC2JcA==

"@tiptap/extension-ordered-list@^2.4.0", "@tiptap/extension-ordered-list@^2.9.1":
  version "2.9.1"
  resolved "https://registry.npmjs.org/@tiptap/extension-ordered-list/-/extension-ordered-list-2.9.1.tgz"
  integrity sha512-6J9jtv1XP8dW7/JNSH/K4yiOABc92tBJtgCsgP8Ep4+fjfjdj4HbjS1oSPWpgItucF2Fp/VF8qg55HXhjxHjTw==

"@tiptap/extension-paragraph@^2.4.0", "@tiptap/extension-paragraph@^2.9.1":
  version "2.9.1"
  resolved "https://registry.npmjs.org/@tiptap/extension-paragraph/-/extension-paragraph-2.9.1.tgz"
  integrity sha512-JOmT0xd4gd3lIhLwrsjw8lV+ZFROKZdIxLi0Ia05XSu4RLrrvWj0zdKMSB+V87xOWfSB3Epo95zAvnPox5Q16A==

"@tiptap/extension-placeholder@2.4.0":
  version "2.4.0"
  resolved "https://registry.npmjs.org/@tiptap/extension-placeholder/-/extension-placeholder-2.4.0.tgz"
  integrity sha512-SmWOjgWpmhFt0BPOnL65abCUH0wS5yksUJgtANn5bQoHF4HFSsyl7ETRmgf0ykxdjc7tzOg31FfpWVH4wzKSYg==

"@tiptap/extension-strike@^2.4.0", "@tiptap/extension-strike@^2.9.1":
  version "2.9.1"
  resolved "https://registry.npmjs.org/@tiptap/extension-strike/-/extension-strike-2.9.1.tgz"
  integrity sha512-V5aEXdML+YojlPhastcu7w4biDPwmzy/fWq0T2qjfu5Te/THcqDmGYVBKESBm5x6nBy5OLkanw2O+KHu2quDdg==

"@tiptap/extension-table-cell@2.4.0":
  version "2.4.0"
  resolved "https://registry.npmjs.org/@tiptap/extension-table-cell/-/extension-table-cell-2.4.0.tgz"
  integrity sha512-zylResMWLvV17Z6+GEDjvvl+YpJqJhNMyJsZPZNx/72OcNCDN3p2d6RGFwhpnCpdzZDD6LGaIgWaTj9oeg53SA==

"@tiptap/extension-table-header@2.4.0":
  version "2.4.0"
  resolved "https://registry.npmjs.org/@tiptap/extension-table-header/-/extension-table-header-2.4.0.tgz"
  integrity sha512-FZCOyJHSFsMTCfBh49J1DlwgpUIM5Ivpr57Za8FVvUkk8RKUIOKpNsZqxE+Wrw+2Bvy5H4X7Azb588x0NDqfOQ==

"@tiptap/extension-table-row@2.4.0":
  version "2.4.0"
  resolved "https://registry.npmjs.org/@tiptap/extension-table-row/-/extension-table-row-2.4.0.tgz"
  integrity sha512-K4FDI4YzyLWZbhIZYYL15uqs6M3QsPZGTpTdkSaxcKMLholcskDSHhJmySxnrjI0+JNAtyIiqlWBfA1/9Zyhng==

"@tiptap/extension-table@2.4.0":
  version "2.4.0"
  resolved "https://registry.npmjs.org/@tiptap/extension-table/-/extension-table-2.4.0.tgz"
  integrity sha512-ceIUnPSqVCb+qC0XZSgApoG3dL3MRvWrGl1nIMxEqPgMsD/MP6MsYV1Lx/GmtdUlEEsV1624cGTBiRzeCuWkZA==

"@tiptap/extension-text-align@2.4.0":
  version "2.4.0"
  resolved "https://registry.npmjs.org/@tiptap/extension-text-align/-/extension-text-align-2.4.0.tgz"
  integrity sha512-wpRe2OiLXTK4kTy4RZEPnPjFbK16kYHPAx1552hLXrOdyxbS7Sdbo+w4x7aGLLZZqZdudCFfkdtnqrc7PDVZdA==

"@tiptap/extension-text-style@^2.0.0", "@tiptap/extension-text-style@^2.9.1":
  version "2.9.1"
  resolved "https://registry.npmjs.org/@tiptap/extension-text-style/-/extension-text-style-2.9.1.tgz"
  integrity sha512-LAxc0SeeiPiAVBwksczeA7BJSZb6WtVpYhy5Esvy9K0mK5kttB4KxtnXWeQzMIJZQbza65yftGKfQlexf/Y7yg==

"@tiptap/extension-text-style@2.4.0":
  version "2.4.0"
  resolved "https://registry.npmjs.org/@tiptap/extension-text-style/-/extension-text-style-2.4.0.tgz"
  integrity sha512-H0uPWeZ4sXz3o836TDWnpd38qClqzEM2d6QJ9TK+cQ1vE5Gp8wQ5W4fwUV1KAHzpJKE/15+BXBjLyVYQdmXDaQ==

"@tiptap/extension-text@^2.4.0", "@tiptap/extension-text@^2.9.1":
  version "2.9.1"
  resolved "https://registry.npmjs.org/@tiptap/extension-text/-/extension-text-2.9.1.tgz"
  integrity sha512-3wo9uCrkLVLQFgbw2eFU37QAa1jq1/7oExa+FF/DVxdtHRS9E2rnUZ8s2hat/IWzvPUHXMwo3Zg2XfhoamQpCA==

"@tiptap/pm@^2.0.0", "@tiptap/pm@^2.7.0", "@tiptap/pm@^2.9.1":
  version "2.9.1"
  resolved "https://registry.npmjs.org/@tiptap/pm/-/pm-2.9.1.tgz"
  integrity sha512-mvV86fr7kEuDYEApQ2uMPCKL2uagUE0BsXiyyz3KOkY1zifyVm1fzdkscb24Qy1GmLzWAIIihA+3UHNRgYdOlQ==
  dependencies:
    prosemirror-changeset "^2.2.1"
    prosemirror-collab "^1.3.1"
    prosemirror-commands "^1.6.0"
    prosemirror-dropcursor "^1.8.1"
    prosemirror-gapcursor "^1.3.2"
    prosemirror-history "^1.4.1"
    prosemirror-inputrules "^1.4.0"
    prosemirror-keymap "^1.2.2"
    prosemirror-markdown "^1.13.0"
    prosemirror-menu "^1.2.4"
    prosemirror-model "^1.22.3"
    prosemirror-schema-basic "^1.2.3"
    prosemirror-schema-list "^1.4.1"
    prosemirror-state "^1.4.3"
    prosemirror-tables "^1.4.0"
    prosemirror-trailing-node "^3.0.0"
    prosemirror-transform "^1.10.0"
    prosemirror-view "^1.34.3"

"@tiptap/pm@2.4.0":
  version "2.4.0"
  resolved "https://registry.npmjs.org/@tiptap/pm/-/pm-2.4.0.tgz"
  integrity sha512-B1HMEqGS4MzIVXnpgRZDLm30mxDWj51LkBT/if1XD+hj5gm8B9Q0c84bhvODX6KIs+c6z+zsY9VkVu8w9Yfgxg==
  dependencies:
    prosemirror-changeset "^2.2.1"
    prosemirror-collab "^1.3.1"
    prosemirror-commands "^1.5.2"
    prosemirror-dropcursor "^1.8.1"
    prosemirror-gapcursor "^1.3.2"
    prosemirror-history "^1.3.2"
    prosemirror-inputrules "^1.3.0"
    prosemirror-keymap "^1.2.2"
    prosemirror-markdown "^1.12.0"
    prosemirror-menu "^1.2.4"
    prosemirror-model "^1.19.4"
    prosemirror-schema-basic "^1.2.2"
    prosemirror-schema-list "^1.3.0"
    prosemirror-state "^1.4.3"
    prosemirror-tables "^1.3.5"
    prosemirror-trailing-node "^2.0.7"
    prosemirror-transform "^1.8.0"
    prosemirror-view "^1.32.7"

"@tiptap/starter-kit@^2.9.1":
  version "2.9.1"
  resolved "https://registry.npmjs.org/@tiptap/starter-kit/-/starter-kit-2.9.1.tgz"
  integrity sha512-nsw6UF/7wDpPfHRhtGOwkj1ipIEiWZS1VGw+c14K61vM1CNj0uQ4jogbHwHZqN1dlL5Hh+FCqUHDPxG6ECbijg==
  dependencies:
    "@tiptap/core" "^2.9.1"
    "@tiptap/extension-blockquote" "^2.9.1"
    "@tiptap/extension-bold" "^2.9.1"
    "@tiptap/extension-bullet-list" "^2.9.1"
    "@tiptap/extension-code" "^2.9.1"
    "@tiptap/extension-code-block" "^2.9.1"
    "@tiptap/extension-document" "^2.9.1"
    "@tiptap/extension-dropcursor" "^2.9.1"
    "@tiptap/extension-gapcursor" "^2.9.1"
    "@tiptap/extension-hard-break" "^2.9.1"
    "@tiptap/extension-heading" "^2.9.1"
    "@tiptap/extension-history" "^2.9.1"
    "@tiptap/extension-horizontal-rule" "^2.9.1"
    "@tiptap/extension-italic" "^2.9.1"
    "@tiptap/extension-list-item" "^2.9.1"
    "@tiptap/extension-ordered-list" "^2.9.1"
    "@tiptap/extension-paragraph" "^2.9.1"
    "@tiptap/extension-strike" "^2.9.1"
    "@tiptap/extension-text" "^2.9.1"
    "@tiptap/extension-text-style" "^2.9.1"
    "@tiptap/pm" "^2.9.1"

"@tiptap/starter-kit@2.4.0":
  version "2.4.0"
  resolved "https://registry.npmjs.org/@tiptap/starter-kit/-/starter-kit-2.4.0.tgz"
  integrity sha512-DYYzMZdTEnRn9oZhKOeRCcB+TjhNz5icLlvJKoHoOGL9kCbuUyEf8WRR2OSPckI0+KUIPJL3oHRqO4SqSdTjfg==
  dependencies:
    "@tiptap/core" "^2.4.0"
    "@tiptap/extension-blockquote" "^2.4.0"
    "@tiptap/extension-bold" "^2.4.0"
    "@tiptap/extension-bullet-list" "^2.4.0"
    "@tiptap/extension-code" "^2.4.0"
    "@tiptap/extension-code-block" "^2.4.0"
    "@tiptap/extension-document" "^2.4.0"
    "@tiptap/extension-dropcursor" "^2.4.0"
    "@tiptap/extension-gapcursor" "^2.4.0"
    "@tiptap/extension-hard-break" "^2.4.0"
    "@tiptap/extension-heading" "^2.4.0"
    "@tiptap/extension-history" "^2.4.0"
    "@tiptap/extension-horizontal-rule" "^2.4.0"
    "@tiptap/extension-italic" "^2.4.0"
    "@tiptap/extension-list-item" "^2.4.0"
    "@tiptap/extension-ordered-list" "^2.4.0"
    "@tiptap/extension-paragraph" "^2.4.0"
    "@tiptap/extension-strike" "^2.4.0"
    "@tiptap/extension-text" "^2.4.0"

"@tiptap/suggestion@^2.0.0", "@tiptap/suggestion@2.4.0":
  version "2.4.0"
  resolved "https://registry.npmjs.org/@tiptap/suggestion/-/suggestion-2.4.0.tgz"
  integrity sha512-6dCkjbL8vIzcLWtS6RCBx0jlYPKf2Beuyq5nNLrDDZZuyJow5qJAY0eGu6Xomp9z0WDK/BYOxT4hHNoGMDkoAg==

"@types/hast@^2.0.0":
  version "2.3.10"
  resolved "https://registry.npmjs.org/@types/hast/-/hast-2.3.10.tgz"
  integrity sha512-McWspRw8xx8J9HurkVBfYj0xKoE25tOFlHGdx4MJ5xORQrMGZNqJhVQWaIbm6Oyla5kYOXtDiopzKRJzEOkwJw==
  dependencies:
    "@types/unist" "^2"

"@types/linkify-it@^5":
  version "5.0.0"
  resolved "https://registry.npmjs.org/@types/linkify-it/-/linkify-it-5.0.0.tgz"
  integrity sha512-sVDA58zAw4eWAffKOaQH5/5j3XeayukzDk+ewSsnv3p4yJEZHCCzMDiZM8e0OUrRvmpGZ85jf4yDHkHsgBNr9Q==

"@types/markdown-it@^14.0.0":
  version "14.1.2"
  resolved "https://registry.npmjs.org/@types/markdown-it/-/markdown-it-14.1.2.tgz"
  integrity sha512-promo4eFwuiW+TfGxhi+0x3czqTYJkG8qB17ZUJiVF10Xm7NLVRSLUsfRTU/6h1e24VvRnXCx+hG7li58lkzog==
  dependencies:
    "@types/linkify-it" "^5"
    "@types/mdurl" "^2"

"@types/mdurl@^2":
  version "2.0.0"
  resolved "https://registry.npmjs.org/@types/mdurl/-/mdurl-2.0.0.tgz"
  integrity sha512-RGdgjQUZba5p6QEFAVx2OGb8rQDL/cPRG7GiedRzMcJ1tYnUANBncjbSB1NRGwbvjcPeikRABz2nshyPk1bhWg==

"@types/trusted-types@^2.0.2":
  version "2.0.7"
  resolved "https://registry.npmjs.org/@types/trusted-types/-/trusted-types-2.0.7.tgz"
  integrity sha512-ScaPdn1dQczgbl0QFTeTOmVHFULt394XJgOQNoyVhZ6r2vLnMLJfBPd53SB52T/3G36VI1/g2MZaX0cwDuXsfw==

"@types/unist@^2":
  version "2.0.11"
  resolved "https://registry.npmjs.org/@types/unist/-/unist-2.0.11.tgz"
  integrity sha512-CmBKiL6NNo/OqgmMn95Fk9Whlp2mtvIv+KNpQKN2F4SjvrEesubTRWGYSg+BnWZOnlCaSTU1sMpsBOzgbYhnsA==

argparse@^2.0.1:
  version "2.0.1"
  resolved "https://registry.npmjs.org/argparse/-/argparse-2.0.1.tgz"
  integrity sha512-8+9WqebbFzpX9OR+Wa6O29asIogeRMzcGtAINdpMHHyAg10f05aSFVBbcEqGf/PXw1EjAZ+q2/bEBg3DvurK3Q==

crelt@^1.0.0:
  version "1.0.6"
  resolved "https://registry.npmjs.org/crelt/-/crelt-1.0.6.tgz"
  integrity sha512-VQ2MBenTq1fWZUH9DJNGti7kKv6EeAuYr3cLwxUWhIu1baTaXh4Ib5W2CqHVqib4/MqbYGJqiL3Zb8GJZr3l4g==

emoji-mart@5.5.2:
  version "5.5.2"
  resolved "https://registry.npmjs.org/emoji-mart/-/emoji-mart-5.5.2.tgz"
  integrity sha512-Sqc/nso4cjxhOwWJsp9xkVm8OF5c+mJLZJFoFfzRuKO+yWiN7K8c96xmtughYb0d/fZ8UC6cLIQ/p4BR6Pv3/A==

entities@^4.4.0:
  version "4.5.0"
  resolved "https://registry.npmjs.org/entities/-/entities-4.5.0.tgz"
  integrity sha512-V0hjH4dGPh9Ao5p0MoRY6BVqtwCjhz6vI5LT8AJ55H+4g9/4vbHx1I54fS0XuclLhDHArPQCiMjDxjaL8fPxhw==

escape-string-regexp@^4.0.0:
  version "4.0.0"
  resolved "https://registry.npmjs.org/escape-string-regexp/-/escape-string-regexp-4.0.0.tgz"
  integrity sha512-TtpcNJ3XAzx3Gq8sWRzJaVajRs0uVxA2YAkdb1jm2YkPz4G6egUFAyA3n5vtEIZefPk5Wa4UXbKuS5fKkJWdgA==

fault@^2.0.0:
  version "2.0.1"
  resolved "https://registry.npmjs.org/fault/-/fault-2.0.1.tgz"
  integrity sha512-WtySTkS4OKev5JtpHXnib4Gxiurzh5NCGvWrFaZ34m6JehfTUhKZvn9njTfw48t6JumVQOmrKqpmGcdwxnhqBQ==
  dependencies:
    format "^0.2.0"

format@^0.2.0:
  version "0.2.2"
  resolved "https://registry.npmjs.org/format/-/format-0.2.2.tgz"
  integrity sha512-wzsgA6WOq+09wrU1tsJ09udeR/YZRaeArL9e1wPbFg3GG2yDnC2ldKpxs4xunpFF9DgqCqOIra3bc1HWrJ37Ww==

highlight.js@^11.10.0:
  version "11.10.0"
  resolved "https://registry.npmjs.org/highlight.js/-/highlight.js-11.10.0.tgz"
  integrity sha512-SYVnVFswQER+zu1laSya563s+F8VDGt7o35d4utbamowvUNLLMovFqwCLSocpZTz3MgaSRA1IbqRWZv97dtErQ==

highlight.js@~11.8.0:
  version "11.8.0"
  resolved "https://registry.npmjs.org/highlight.js/-/highlight.js-11.8.0.tgz"
  integrity sha512-MedQhoqVdr0U6SSnWPzfiadUcDHfN/Wzq25AkXiQv9oiOO/sG0S7XkvpFIqWBl9Yq1UYyYOOVORs5UW2XlPyzg==

linkify-it@^5.0.0:
  version "5.0.0"
  resolved "https://registry.npmjs.org/linkify-it/-/linkify-it-5.0.0.tgz"
  integrity sha512-5aHCbzQRADcdP+ATqnDuhhJ/MRIqDkZX5pyjFHRRysS8vZ5AbqGEoFIb6pYHPZ+L/OC2Lc+xT8uHVVR5CAK/wQ==
  dependencies:
    uc.micro "^2.0.0"

linkifyjs@^4.1.0:
  version "4.1.3"
  resolved "https://registry.npmjs.org/linkifyjs/-/linkifyjs-4.1.3.tgz"
  integrity sha512-auMesunaJ8yfkHvK4gfg1K0SaKX/6Wn9g2Aac/NwX+l5VdmFZzo/hdPGxEOETj+ryRa4/fiOPjeeKURSAJx1sg==

lit-element@^3.3.0:
  version "3.3.3"
  resolved "https://registry.npmjs.org/lit-element/-/lit-element-3.3.3.tgz"
  integrity sha512-XbeRxmTHubXENkV4h8RIPyr8lXc+Ff28rkcQzw3G6up2xg5E8Zu1IgOWIwBLEQsu3cOVFqdYwiVi0hv0SlpqUA==
  dependencies:
    "@lit-labs/ssr-dom-shim" "^1.1.0"
    "@lit/reactive-element" "^1.3.0"
    lit-html "^2.8.0"

lit-element@^4.1.0:
  version "4.1.1"
  resolved "https://registry.npmjs.org/lit-element/-/lit-element-4.1.1.tgz"
  integrity sha512-HO9Tkkh34QkTeUmEdNYhMT8hzLid7YlMlATSi1q4q17HE5d9mrrEHJ/o8O2D0cMi182zK1F3v7x0PWFjrhXFew==
  dependencies:
    "@lit-labs/ssr-dom-shim" "^1.2.0"
    "@lit/reactive-element" "^2.0.4"
    lit-html "^3.2.0"

lit-html@^2.8.0:
  version "2.8.0"
  resolved "https://registry.npmjs.org/lit-html/-/lit-html-2.8.0.tgz"
  integrity sha512-o9t+MQM3P4y7M7yNzqAyjp7z+mQGa4NS4CxiyLqFPyFWyc4O+nodLrkrxSaCTrla6M5YOLaT3RpbbqjszB5g3Q==
  dependencies:
    "@types/trusted-types" "^2.0.2"

lit-html@^3.2.0:
  version "3.2.1"
  resolved "https://registry.npmjs.org/lit-html/-/lit-html-3.2.1.tgz"
  integrity sha512-qI/3lziaPMSKsrwlxH/xMgikhQ0EGOX2ICU73Bi/YHFvz2j/yMCIrw4+puF2IpQ4+upd3EWbvnHM9+PnJn48YA==
  dependencies:
    "@types/trusted-types" "^2.0.2"

lit@^2.8.0:
  version "2.8.0"
  resolved "https://registry.npmjs.org/lit/-/lit-2.8.0.tgz"
  integrity sha512-4Sc3OFX9QHOJaHbmTMk28SYgVxLN3ePDjg7hofEft2zWlehFL3LiAuapWc4U/kYwMYJSh2hTCPZ6/LIC7ii0MA==
  dependencies:
    "@lit/reactive-element" "^1.6.0"
    lit-element "^3.3.0"
    lit-html "^2.8.0"

lit@^3.1.2:
  version "3.2.1"
  resolved "https://registry.npmjs.org/lit/-/lit-3.2.1.tgz"
  integrity sha512-1BBa1E/z0O9ye5fZprPtdqnc0BFzxIxTTOO/tQFmyC/hj1O3jL4TfmLBw0WEwjAokdLwpclkvGgDJwTIh0/22w==
  dependencies:
    "@lit/reactive-element" "^2.0.4"
    lit-element "^4.1.0"
    lit-html "^3.2.0"

lowlight@^2.8.0:
  version "2.9.0"
  resolved "https://registry.npmjs.org/lowlight/-/lowlight-2.9.0.tgz"
  integrity sha512-OpcaUTCLmHuVuBcyNckKfH5B0oA4JUavb/M/8n9iAvanJYNQkrVm4pvyX0SUaqkBG4dnWHKt7p50B3ngAG2Rfw==
  dependencies:
    "@types/hast" "^2.0.0"
    fault "^2.0.0"
    highlight.js "~11.8.0"

markdown-it@^14.0.0:
  version "14.1.0"
  resolved "https://registry.npmjs.org/markdown-it/-/markdown-it-14.1.0.tgz"
  integrity sha512-a54IwgWPaeBCAAsv13YgmALOF1elABB08FxO9i+r4VFk5Vl4pKokRPeX8u5TCgSsPi6ec1otfLjdOpVcgbpshg==
  dependencies:
    argparse "^2.0.1"
    entities "^4.4.0"
    linkify-it "^5.0.0"
    mdurl "^2.0.0"
    punycode.js "^2.3.1"
    uc.micro "^2.1.0"

mdurl@^2.0.0:
  version "2.0.0"
  resolved "https://registry.npmjs.org/mdurl/-/mdurl-2.0.0.tgz"
  integrity sha512-Lf+9+2r+Tdp5wXDXC4PcIBjTDtq4UKjCPMQhKIuzpJNW0b96kVqSwW0bT7FhRSfmAiFYgP+SCRvdrDozfh0U5w==

orderedmap@^2.0.0:
  version "2.1.1"
  resolved "https://registry.npmjs.org/orderedmap/-/orderedmap-2.1.1.tgz"
  integrity sha512-TvAWxi0nDe1j/rtMcWcIj94+Ffe6n7zhow33h40SKxmsmozs6dz/e+EajymfoFcHd7sxNn8yHM8839uixMOV6g==

prosemirror-changeset@^2.2.1:
  version "2.2.1"
  resolved "https://registry.npmjs.org/prosemirror-changeset/-/prosemirror-changeset-2.2.1.tgz"
  integrity sha512-J7msc6wbxB4ekDFj+n9gTW/jav/p53kdlivvuppHsrZXCaQdVgRghoZbSS3kwrRyAstRVQ4/+u5k7YfLgkkQvQ==
  dependencies:
    prosemirror-transform "^1.0.0"

prosemirror-collab@^1.3.1:
  version "1.3.1"
  resolved "https://registry.npmjs.org/prosemirror-collab/-/prosemirror-collab-1.3.1.tgz"
  integrity sha512-4SnynYR9TTYaQVXd/ieUvsVV4PDMBzrq2xPUWutHivDuOshZXqQ5rGbZM84HEaXKbLdItse7weMGOUdDVcLKEQ==
  dependencies:
    prosemirror-state "^1.0.0"

prosemirror-commands@^1.0.0, prosemirror-commands@^1.5.2, prosemirror-commands@^1.6.0:
  version "1.6.2"
  resolved "https://registry.npmjs.org/prosemirror-commands/-/prosemirror-commands-1.6.2.tgz"
  integrity sha512-0nDHH++qcf/BuPLYvmqZTUUsPJUCPBUXt0J1ErTcDIS369CTp773itzLGIgIXG4LJXOlwYCr44+Mh4ii6MP1QA==
  dependencies:
    prosemirror-model "^1.0.0"
    prosemirror-state "^1.0.0"
    prosemirror-transform "^1.10.2"

prosemirror-dropcursor@^1.8.1:
  version "1.8.1"
  resolved "https://registry.npmjs.org/prosemirror-dropcursor/-/prosemirror-dropcursor-1.8.1.tgz"
  integrity sha512-M30WJdJZLyXHi3N8vxN6Zh5O8ZBbQCz0gURTfPmTIBNQ5pxrdU7A58QkNqfa98YEjSAL1HUyyU34f6Pm5xBSGw==
  dependencies:
    prosemirror-state "^1.0.0"
    prosemirror-transform "^1.1.0"
    prosemirror-view "^1.1.0"

prosemirror-gapcursor@^1.3.2:
  version "1.3.2"
  resolved "https://registry.npmjs.org/prosemirror-gapcursor/-/prosemirror-gapcursor-1.3.2.tgz"
  integrity sha512-wtjswVBd2vaQRrnYZaBCbyDqr232Ed4p2QPtRIUK5FuqHYKGWkEwl08oQM4Tw7DOR0FsasARV5uJFvMZWxdNxQ==
  dependencies:
    prosemirror-keymap "^1.0.0"
    prosemirror-model "^1.0.0"
    prosemirror-state "^1.0.0"
    prosemirror-view "^1.0.0"

prosemirror-history@^1.0.0, prosemirror-history@^1.3.2, prosemirror-history@^1.4.1:
  version "1.4.1"
  resolved "https://registry.npmjs.org/prosemirror-history/-/prosemirror-history-1.4.1.tgz"
  integrity sha512-2JZD8z2JviJrboD9cPuX/Sv/1ChFng+xh2tChQ2X4bB2HeK+rra/bmJ3xGntCcjhOqIzSDG6Id7e8RJ9QPXLEQ==
  dependencies:
    prosemirror-state "^1.2.2"
    prosemirror-transform "^1.0.0"
    prosemirror-view "^1.31.0"
    rope-sequence "^1.3.0"

prosemirror-inputrules@^1.3.0, prosemirror-inputrules@^1.4.0:
  version "1.4.0"
  resolved "https://registry.npmjs.org/prosemirror-inputrules/-/prosemirror-inputrules-1.4.0.tgz"
  integrity sha512-6ygpPRuTJ2lcOXs9JkefieMst63wVJBgHZGl5QOytN7oSZs3Co/BYbc3Yx9zm9H37Bxw8kVzCnDsihsVsL4yEg==
  dependencies:
    prosemirror-state "^1.0.0"
    prosemirror-transform "^1.0.0"

prosemirror-keymap@^1.0.0, prosemirror-keymap@^1.1.2, prosemirror-keymap@^1.2.2:
  version "1.2.2"
  resolved "https://registry.npmjs.org/prosemirror-keymap/-/prosemirror-keymap-1.2.2.tgz"
  integrity sha512-EAlXoksqC6Vbocqc0GtzCruZEzYgrn+iiGnNjsJsH4mrnIGex4qbLdWWNza3AW5W36ZRrlBID0eM6bdKH4OStQ==
  dependencies:
    prosemirror-state "^1.0.0"
    w3c-keyname "^2.2.0"

prosemirror-markdown@^1.12.0, prosemirror-markdown@^1.13.0:
  version "1.13.1"
  resolved "https://registry.npmjs.org/prosemirror-markdown/-/prosemirror-markdown-1.13.1.tgz"
  integrity sha512-Sl+oMfMtAjWtlcZoj/5L/Q39MpEnVZ840Xo330WJWUvgyhNmLBLN7MsHn07s53nG/KImevWHSE6fEj4q/GihHw==
  dependencies:
    "@types/markdown-it" "^14.0.0"
    markdown-it "^14.0.0"
    prosemirror-model "^1.20.0"

prosemirror-menu@^1.2.4:
  version "1.2.4"
  resolved "https://registry.npmjs.org/prosemirror-menu/-/prosemirror-menu-1.2.4.tgz"
  integrity sha512-S/bXlc0ODQup6aiBbWVsX/eM+xJgCTAfMq/nLqaO5ID/am4wS0tTCIkzwytmao7ypEtjj39i7YbJjAgO20mIqA==
  dependencies:
    crelt "^1.0.0"
    prosemirror-commands "^1.0.0"
    prosemirror-history "^1.0.0"
    prosemirror-state "^1.0.0"

prosemirror-model@^1.0.0, prosemirror-model@^1.19.0, prosemirror-model@^1.19.4, prosemirror-model@^1.20.0, prosemirror-model@^1.21.0, prosemirror-model@^1.22.1, prosemirror-model@^1.22.3, prosemirror-model@^1.8.1:
  version "1.23.0"
  resolved "https://registry.npmjs.org/prosemirror-model/-/prosemirror-model-1.23.0.tgz"
  integrity sha512-Q/fgsgl/dlOAW9ILu4OOhYWQbc7TQd4BwKH/RwmUjyVf8682Be4zj3rOYdLnYEcGzyg8LL9Q5IWYKD8tdToreQ==
  dependencies:
    orderedmap "^2.0.0"

prosemirror-schema-basic@^1.2.2, prosemirror-schema-basic@^1.2.3:
  version "1.2.3"
  resolved "https://registry.npmjs.org/prosemirror-schema-basic/-/prosemirror-schema-basic-1.2.3.tgz"
  integrity sha512-h+H0OQwZVqMon1PNn0AG9cTfx513zgIG2DY00eJ00Yvgb3UD+GQ/VlWW5rcaxacpCGT1Yx8nuhwXk4+QbXUfJA==
  dependencies:
    prosemirror-model "^1.19.0"

prosemirror-schema-list@^1.3.0, prosemirror-schema-list@^1.4.1:
  version "1.4.1"
  resolved "https://registry.npmjs.org/prosemirror-schema-list/-/prosemirror-schema-list-1.4.1.tgz"
  integrity sha512-jbDyaP/6AFfDfu70VzySsD75Om2t3sXTOdl5+31Wlxlg62td1haUpty/ybajSfJ1pkGadlOfwQq9kgW5IMo1Rg==
  dependencies:
    prosemirror-model "^1.0.0"
    prosemirror-state "^1.0.0"
    prosemirror-transform "^1.7.3"

prosemirror-state@^1.0.0, prosemirror-state@^1.2.2, prosemirror-state@^1.3.1, prosemirror-state@^1.4.2, prosemirror-state@^1.4.3:
  version "1.4.3"
  resolved "https://registry.npmjs.org/prosemirror-state/-/prosemirror-state-1.4.3.tgz"
  integrity sha512-goFKORVbvPuAQaXhpbemJFRKJ2aixr+AZMGiquiqKxaucC6hlpHNZHWgz5R7dS4roHiwq9vDctE//CZ++o0W1Q==
  dependencies:
    prosemirror-model "^1.0.0"
    prosemirror-transform "^1.0.0"
    prosemirror-view "^1.27.0"

prosemirror-tables@^1.3.5, prosemirror-tables@^1.4.0:
  version "1.6.0"
  resolved "https://registry.npmjs.org/prosemirror-tables/-/prosemirror-tables-1.6.0.tgz"
  integrity sha512-eirSS2fwVYzKhvM2qeXSn9ix/SBn7QOLDftPQ4ImEQIevFDiSKAB6Lbrmm/WEgrbTDbCm+xhSq4gOD9w7wT59Q==
  dependencies:
    prosemirror-keymap "^1.1.2"
    prosemirror-model "^1.8.1"
    prosemirror-state "^1.3.1"
    prosemirror-transform "^1.2.1"
    prosemirror-view "^1.13.3"

prosemirror-trailing-node@^2.0.7:
  version "2.0.9"
  resolved "https://registry.npmjs.org/prosemirror-trailing-node/-/prosemirror-trailing-node-2.0.9.tgz"
  integrity sha512-YvyIn3/UaLFlFKrlJB6cObvUhmwFNZVhy1Q8OpW/avoTbD/Y7H5EcjK4AZFKhmuS6/N6WkGgt7gWtBWDnmFvHg==
  dependencies:
    "@remirror/core-constants" "^2.0.2"
    escape-string-regexp "^4.0.0"

prosemirror-trailing-node@^3.0.0:
  version "3.0.0"
  resolved "https://registry.npmjs.org/prosemirror-trailing-node/-/prosemirror-trailing-node-3.0.0.tgz"
  integrity sha512-xiun5/3q0w5eRnGYfNlW1uU9W6x5MoFKWwq/0TIRgt09lv7Hcser2QYV8t4muXbEr+Fwo0geYn79Xs4GKywrRQ==
  dependencies:
    "@remirror/core-constants" "3.0.0"
    escape-string-regexp "^4.0.0"

prosemirror-transform@^1.0.0, prosemirror-transform@^1.1.0, prosemirror-transform@^1.10.0, prosemirror-transform@^1.10.2, prosemirror-transform@^1.2.1, prosemirror-transform@^1.7.3, prosemirror-transform@^1.8.0:
  version "1.10.2"
  resolved "https://registry.npmjs.org/prosemirror-transform/-/prosemirror-transform-1.10.2.tgz"
  integrity sha512-2iUq0wv2iRoJO/zj5mv8uDUriOHWzXRnOTVgCzSXnktS/2iQRa3UUQwVlkBlYZFtygw6Nh1+X4mGqoYBINn5KQ==
  dependencies:
    prosemirror-model "^1.21.0"

prosemirror-view@^1.0.0, prosemirror-view@^1.1.0, prosemirror-view@^1.13.3, prosemirror-view@^1.27.0, prosemirror-view@^1.31.0, prosemirror-view@^1.32.7, prosemirror-view@^1.33.8, prosemirror-view@^1.34.3:
  version "1.34.3"
  resolved "https://registry.npmjs.org/prosemirror-view/-/prosemirror-view-1.34.3.tgz"
  integrity sha512-mKZ54PrX19sSaQye+sef+YjBbNu2voNwLS1ivb6aD2IRmxRGW64HU9B644+7OfJStGLyxvOreKqEgfvXa91WIA==
  dependencies:
    prosemirror-model "^1.20.0"
    prosemirror-state "^1.0.0"
    prosemirror-transform "^1.1.0"

punycode.js@^2.3.1:
  version "2.3.1"
  resolved "https://registry.npmjs.org/punycode.js/-/punycode.js-2.3.1.tgz"
  integrity sha512-uxFIHU0YlHYhDQtV4R9J6a52SLx28BCjT+4ieh7IGbgwVJWO+km431c4yRlREUAsAmt/uMjQUyQHNEPf0M39CA==

role-components@^2.0.2:
  version "2.0.2"
  resolved "https://registry.npmjs.org/role-components/-/role-components-2.0.2.tgz"
  integrity sha512-DHkqel77IBg/Sd74uT7j6OHd68Hc6cErW7fRUwN0+nEBODDm1Wa9Gsk0kKeK/eh128sqBPlf8v2f4cAoyoZQdg==
  dependencies:
    "@floating-ui/dom" "^1.5.1"
    lit "^2.8.0"
    web-component-define "^2.0.10"

rope-sequence@^1.3.0:
  version "1.3.4"
  resolved "https://registry.npmjs.org/rope-sequence/-/rope-sequence-1.3.4.tgz"
  integrity sha512-UT5EDe2cu2E/6O4igUr5PSFs23nvvukicWHx6GnOPlHAiiYbzNuCRQCuiUdHJQcqKalLKlrYJnjY0ySGsXNQXQ==

spark-md5@^3.0.1:
  version "3.0.2"
  resolved "https://registry.npmjs.org/spark-md5/-/spark-md5-3.0.2.tgz"
  integrity sha512-wcFzz9cDfbuqe0FZzfi2or1sgyIrsDwmPwfZC4hiNidPdPINjeUwNfv5kldczoEAcjl9Y1L3SM7Uz2PUEQzxQw==

tippy.js@^6.3.7:
  version "6.3.7"
  resolved "https://registry.npmjs.org/tippy.js/-/tippy.js-6.3.7.tgz"
  integrity sha512-E1d3oP2emgJ9dRQZdf3Kkn0qJgI6ZLpyS5z6ZkY1DF3kaQaBsGZsndEpHwx+eC+tYM41HaSNvNtLx8tU57FzTQ==
  dependencies:
    "@popperjs/core" "^2.9.0"

uc.micro@^2.0.0, uc.micro@^2.1.0:
  version "2.1.0"
  resolved "https://registry.npmjs.org/uc.micro/-/uc.micro-2.1.0.tgz"
  integrity sha512-ARDJmphmdvUk6Glw7y9DQ2bFkKBHwQHLi2lsaH6PPmz/Ka9sFOBsBluozhDltWmnv9u/cF6Rt87znRTPV+yp/A==

w3c-keyname@^2.2.0:
  version "2.2.8"
  resolved "https://registry.npmjs.org/w3c-keyname/-/w3c-keyname-2.2.8.tgz"
  integrity sha512-dpojBhNsCNN7T82Tm7k26A6G9ML3NkhDsnw9n/eoxSRlVBB4CEtIQ/KTCLI2Fwf3ataSXRhYFkQi3SlnFwPvPQ==

web-component-define@^2.0.10:
  version "2.0.11"
  resolved "https://registry.npmjs.org/web-component-define/-/web-component-define-2.0.11.tgz"
  integrity sha512-oMOngNGL5k55NyaQNnPz0UnV5QtPuESvSuxpBgmHHfNjb8sgVm4akAFq7HO4I5bhGHX8Of+0XnUZ3whBo0chgw==
  dependencies:
    "@lit/reactive-element" "^1.6.1"
    "@open-wc/dedupe-mixin" "^1.3.1"
